
Microsoft Visual Studio Solution File, Format Version 12.00
# Visual Studio 15
VisualStudioVersion = 15.0.28307.1738
MinimumVisualStudioVersion = 10.0.40219.1
Project("{9A19103F-16F7-4668-BE54-9A1E7A4F7556}") = "Lesson_2", "Lesson_2\Lesson_2.csproj", "{5609A800-03C7-4D0D-85FD-C27BBEE9231E}"
EndProject
Project("{9A19103F-16F7-4668-BE54-9A1E7A4F7556}") = "Lesson_1", "Lesson_1\Lesson_1.csproj", "{408A5060-6166-4240-B686-C61E37F92DC8}"
EndProject
Project("{9A19103F-16F7-4668-BE54-9A1E7A4F7556}") = "Additional_HW_Lesson_1", "Additional_HW_Lesson_1\Additional_HW_Lesson_1.csproj", "{D33FD2EB-265C-4BE5-8D51-3A9F0E389396}"
EndProject
Project("{9A19103F-16F7-4668-BE54-9A1E7A4F7556}") = "Lesson_3", "Lesson_3\Lesson_3.csproj", "{5D3C94D6-FD59-419A-9DFC-5985D8B46BA3}"
EndProject
Project("{9A19103F-16F7-4668-BE54-9A1E7A4F7556}") = "Lesson_4", "Lesson_4\Lesson_4.csproj", "{DC67F024-8CAB-4CEA-8FF9-D0CC82252324}"
EndProject
Project("{9A19103F-16F7-4668-BE54-9A1E7A4F7556}") = "Lesson_5", "Lesson_5\Lesson_5.csproj", "{0B6D67A5-DE56-43E5-B28B-67CBCEA58207}"
EndProject
Project("{FAE04EC0-301F-11D3-BF4B-00C04F79EFBC}") = "Additioonal_HW_Lesson_5", "Additioonal_HW_Lesson_5\Additioonal_HW_Lesson_5.csproj", "{7043D86F-DF07-440E-92D6-AE2E1DB3D8DE}"
EndProject
Global
	GlobalSection(SolutionConfigurationPlatforms) = preSolution
		Debug|Any CPU = Debug|Any CPU
		Release|Any CPU = Release|Any CPU
	EndGlobalSection
	GlobalSection(ProjectConfigurationPlatforms) = postSolution
		{5609A800-03C7-4D0D-85FD-C27BBEE9231E}.Debug|Any CPU.ActiveCfg = Debug|Any CPU
		{5609A800-03C7-4D0D-85FD-C27BBEE9231E}.Debug|Any CPU.Build.0 = Debug|Any CPU
		{5609A800-03C7-4D0D-85FD-C27BBEE9231E}.Release|Any CPU.ActiveCfg = Release|Any CPU
		{5609A800-03C7-4D0D-85FD-C27BBEE9231E}.Release|Any CPU.Build.0 = Release|Any CPU
		{408A5060-6166-4240-B686-C61E37F92DC8}.Debug|Any CPU.ActiveCfg = Debug|Any CPU
		{408A5060-6166-4240-B686-C61E37F92DC8}.Debug|Any CPU.Build.0 = Debug|Any CPU
		{408A5060-6166-4240-B686-C61E37F92DC8}.Release|Any CPU.ActiveCfg = Release|Any CPU
		{408A5060-6166-4240-B686-C61E37F92DC8}.Release|Any CPU.Build.0 = Release|Any CPU
		{D33FD2EB-265C-4BE5-8D51-3A9F0E389396}.Debug|Any CPU.ActiveCfg = Debug|Any CPU
		{D33FD2EB-265C-4BE5-8D51-3A9F0E389396}.Debug|Any CPU.Build.0 = Debug|Any CPU
		{D33FD2EB-265C-4BE5-8D51-3A9F0E389396}.Release|Any CPU.ActiveCfg = Release|Any CPU
		{D33FD2EB-265C-4BE5-8D51-3A9F0E389396}.Release|Any CPU.Build.0 = Release|Any CPU
		{5D3C94D6-FD59-419A-9DFC-5985D8B46BA3}.Debug|Any CPU.ActiveCfg = Debug|Any CPU
		{5D3C94D6-FD59-419A-9DFC-5985D8B46BA3}.Debug|Any CPU.Build.0 = Debug|Any CPU
		{5D3C94D6-FD59-419A-9DFC-5985D8B46BA3}.Release|Any CPU.ActiveCfg = Release|Any CPU
		{5D3C94D6-FD59-419A-9DFC-5985D8B46BA3}.Release|Any CPU.Build.0 = Release|Any CPU
		{DC67F024-8CAB-4CEA-8FF9-D0CC82252324}.Debug|Any CPU.ActiveCfg = Debug|Any CPU
		{DC67F024-8CAB-4CEA-8FF9-D0CC82252324}.Debug|Any CPU.Build.0 = Debug|Any CPU
		{DC67F024-8CAB-4CEA-8FF9-D0CC82252324}.Release|Any CPU.ActiveCfg = Release|Any CPU
		{DC67F024-8CAB-4CEA-8FF9-D0CC82252324}.Release|Any CPU.Build.0 = Release|Any CPU
		{0B6D67A5-DE56-43E5-B28B-67CBCEA58207}.Debug|Any CPU.ActiveCfg = Debug|Any CPU
		{0B6D67A5-DE56-43E5-B28B-67CBCEA58207}.Debug|Any CPU.Build.0 = Debug|Any CPU
		{0B6D67A5-DE56-43E5-B28B-67CBCEA58207}.Release|Any CPU.ActiveCfg = Release|Any CPU
		{0B6D67A5-DE56-43E5-B28B-67CBCEA58207}.Release|Any CPU.Build.0 = Release|Any CPU
		{7043D86F-DF07-440E-92D6-AE2E1DB3D8DE}.Debug|Any CPU.ActiveCfg = Debug|Any CPU
		{7043D86F-DF07-440E-92D6-AE2E1DB3D8DE}.Debug|Any CPU.Build.0 = Debug|Any CPU
		{7043D86F-DF07-440E-92D6-AE2E1DB3D8DE}.Release|Any CPU.ActiveCfg = Release|Any CPU
		{7043D86F-DF07-440E-92D6-AE2E1DB3D8DE}.Release|Any CPU.Build.0 = Release|Any CPU
	EndGlobalSection
	GlobalSection(SolutionProperties) = preSolution
		HideSolutionNode = FALSE
	EndGlobalSection
	GlobalSection(ExtensibilityGlobals) = postSolution
		SolutionGuid = {C5EB6C17-CB55-4A33-A668-B39A41C48262}
	EndGlobalSection
EndGlobal
